
Microsoft Visual Studio Solution File, Format Version 12.00
# Visual Studio Version 16
VisualStudioVersion = 16.0.30413.136
MinimumVisualStudioVersion = 10.0.40219.1
Project("{FAE04EC0-301F-11D3-BF4B-00C04F79EFBC}") = "API_MercadoLibre", "API_MercadoLibre.csproj", "{D8B1BB92-7C32-4B55-B062-B55DAD988D00}"
EndProject
Global
	GlobalSection(SolutionConfigurationPlatforms) = preSolution
		Debug|Any CPU = Debug|Any CPU
		Release|Any CPU = Release|Any CPU
	EndGlobalSection
	GlobalSection(ProjectConfigurationPlatforms) = postSolution
		{D8B1BB92-7C32-4B55-B062-B55DAD988D00}.Debug|Any CPU.ActiveCfg = Debug|Any CPU
		{D8B1BB92-7C32-4B55-B062-B55DAD988D00}.Debug|Any CPU.Build.0 = Debug|Any CPU
		{D8B1BB92-7C32-4B55-B062-B55DAD988D00}.Release|Any CPU.ActiveCfg = Release|Any CPU
		{D8B1BB92-7C32-4B55-B062-B55DAD988D00}.Release|Any CPU.Build.0 = Release|Any CPU
	EndGlobalSection
	GlobalSection(SolutionProperties) = preSolution
		HideSolutionNode = FALSE
	EndGlobalSection
	GlobalSection(ExtensibilityGlobals) = postSolution
		SolutionGuid = {C74BFC5A-9217-4847-B06E-3EB6E2D8D8B4}
	EndGlobalSection
EndGlobal
